
Microsoft Visual Studio Solution File, Format Version 12.00
# Visual Studio 15
VisualStudioVersion = 15.0.26124.0
MinimumVisualStudioVersion = 15.0.26124.0
Project("{2150E333-8FDC-42A3-9474-1A3956D46DE8}") = "src", "src", "{DDB671F0-09DF-4972-9CC1-8D3994B5E1DF}"
EndProject
Project("{FAE04EC0-301F-11D3-BF4B-00C04F79EFBC}") = "AbstractProject.Api", "src\AbstractProject.Api\AbstractProject.Api.csproj", "{3E5DA4B8-CB8D-4134-9FDB-F8A39A2D6FC3}"
EndProject
Project("{2150E333-8FDC-42A3-9474-1A3956D46DE8}") = "Web", "Web", "{1D1A67C4-D250-4A25-8E6C-55E26A5116AC}"
EndProject
Project("{2150E333-8FDC-42A3-9474-1A3956D46DE8}") = "Data", "Data", "{8518299F-0DEE-4AB0-910D-97BAE1B4F59B}"
EndProject
Project("{FAE04EC0-301F-11D3-BF4B-00C04F79EFBC}") = "AbstractProject.DataAccess", "src\AbstractProject.DataAccess\AbstractProject.DataAccess.csproj", "{5B49648D-BE0D-4859-A712-95BBB30BC374}"
EndProject
Project("{FAE04EC0-301F-11D3-BF4B-00C04F79EFBC}") = "AbstractProject.Domain", "src\AbstractProject.Domain\AbstractProject.Domain.csproj", "{C03D2EDB-7F53-4FFB-B0EB-29C81C6F8D89}"
EndProject
Project("{2150E333-8FDC-42A3-9474-1A3956D46DE8}") = "Domain", "Domain", "{77117841-0E67-4C6A-8331-4C8BD1072597}"
EndProject
Project("{FAE04EC0-301F-11D3-BF4B-00C04F79EFBC}") = "AbstractProject.BusinessLogic", "src\AbstractProject.BusinessLogic\AbstractProject.BusinessLogic.csproj", "{2729F5AF-0EE1-45D5-9B2D-F8C2D03189A6}"
EndProject
Project("{FAE04EC0-301F-11D3-BF4B-00C04F79EFBC}") = "AbstractProject.Implementations", "src\AbstractProject.Implementations\AbstractProject.Implementations.csproj", "{51979B46-8C4B-4FEC-802F-168ACED3FB47}"
EndProject
Project("{FAE04EC0-301F-11D3-BF4B-00C04F79EFBC}") = "AbstractProject.Abstractions", "src\AbstractProject.Abstractions\AbstractProject.Abstractions.csproj", "{75E4E2A3-B270-449B-BAC6-DC142E012919}"
EndProject
Project("{2150E333-8FDC-42A3-9474-1A3956D46DE8}") = "test", "test", "{C6549EB1-D813-40B2-9CC7-3F691DD1B6DC}"
EndProject
Project("{FAE04EC0-301F-11D3-BF4B-00C04F79EFBC}") = "AbstractProject.Tests", "test\AbstractProject.Tests\AbstractProject.Tests.csproj", "{3F922CAB-A296-4513-AEE4-6E64B5C9E6E2}"
EndProject
Global
	GlobalSection(SolutionConfigurationPlatforms) = preSolution
		Debug|Any CPU = Debug|Any CPU
		Debug|x64 = Debug|x64
		Debug|x86 = Debug|x86
		Release|Any CPU = Release|Any CPU
		Release|x64 = Release|x64
		Release|x86 = Release|x86
	EndGlobalSection
	GlobalSection(SolutionProperties) = preSolution
		HideSolutionNode = FALSE
	EndGlobalSection
	GlobalSection(ProjectConfigurationPlatforms) = postSolution
		{3E5DA4B8-CB8D-4134-9FDB-F8A39A2D6FC3}.Debug|Any CPU.ActiveCfg = Debug|Any CPU
		{3E5DA4B8-CB8D-4134-9FDB-F8A39A2D6FC3}.Debug|Any CPU.Build.0 = Debug|Any CPU
		{3E5DA4B8-CB8D-4134-9FDB-F8A39A2D6FC3}.Debug|x64.ActiveCfg = Debug|Any CPU
		{3E5DA4B8-CB8D-4134-9FDB-F8A39A2D6FC3}.Debug|x64.Build.0 = Debug|Any CPU
		{3E5DA4B8-CB8D-4134-9FDB-F8A39A2D6FC3}.Debug|x86.ActiveCfg = Debug|Any CPU
		{3E5DA4B8-CB8D-4134-9FDB-F8A39A2D6FC3}.Debug|x86.Build.0 = Debug|Any CPU
		{3E5DA4B8-CB8D-4134-9FDB-F8A39A2D6FC3}.Release|Any CPU.ActiveCfg = Release|Any CPU
		{3E5DA4B8-CB8D-4134-9FDB-F8A39A2D6FC3}.Release|Any CPU.Build.0 = Release|Any CPU
		{3E5DA4B8-CB8D-4134-9FDB-F8A39A2D6FC3}.Release|x64.ActiveCfg = Release|Any CPU
		{3E5DA4B8-CB8D-4134-9FDB-F8A39A2D6FC3}.Release|x64.Build.0 = Release|Any CPU
		{3E5DA4B8-CB8D-4134-9FDB-F8A39A2D6FC3}.Release|x86.ActiveCfg = Release|Any CPU
		{3E5DA4B8-CB8D-4134-9FDB-F8A39A2D6FC3}.Release|x86.Build.0 = Release|Any CPU
		{5B49648D-BE0D-4859-A712-95BBB30BC374}.Debug|Any CPU.ActiveCfg = Debug|Any CPU
		{5B49648D-BE0D-4859-A712-95BBB30BC374}.Debug|Any CPU.Build.0 = Debug|Any CPU
		{5B49648D-BE0D-4859-A712-95BBB30BC374}.Debug|x64.ActiveCfg = Debug|Any CPU
		{5B49648D-BE0D-4859-A712-95BBB30BC374}.Debug|x64.Build.0 = Debug|Any CPU
		{5B49648D-BE0D-4859-A712-95BBB30BC374}.Debug|x86.ActiveCfg = Debug|Any CPU
		{5B49648D-BE0D-4859-A712-95BBB30BC374}.Debug|x86.Build.0 = Debug|Any CPU
		{5B49648D-BE0D-4859-A712-95BBB30BC374}.Release|Any CPU.ActiveCfg = Release|Any CPU
		{5B49648D-BE0D-4859-A712-95BBB30BC374}.Release|Any CPU.Build.0 = Release|Any CPU
		{5B49648D-BE0D-4859-A712-95BBB30BC374}.Release|x64.ActiveCfg = Release|Any CPU
		{5B49648D-BE0D-4859-A712-95BBB30BC374}.Release|x64.Build.0 = Release|Any CPU
		{5B49648D-BE0D-4859-A712-95BBB30BC374}.Release|x86.ActiveCfg = Release|Any CPU
		{5B49648D-BE0D-4859-A712-95BBB30BC374}.Release|x86.Build.0 = Release|Any CPU
		{C03D2EDB-7F53-4FFB-B0EB-29C81C6F8D89}.Debug|Any CPU.ActiveCfg = Debug|Any CPU
		{C03D2EDB-7F53-4FFB-B0EB-29C81C6F8D89}.Debug|Any CPU.Build.0 = Debug|Any CPU
		{C03D2EDB-7F53-4FFB-B0EB-29C81C6F8D89}.Debug|x64.ActiveCfg = Debug|Any CPU
		{C03D2EDB-7F53-4FFB-B0EB-29C81C6F8D89}.Debug|x64.Build.0 = Debug|Any CPU
		{C03D2EDB-7F53-4FFB-B0EB-29C81C6F8D89}.Debug|x86.ActiveCfg = Debug|Any CPU
		{C03D2EDB-7F53-4FFB-B0EB-29C81C6F8D89}.Debug|x86.Build.0 = Debug|Any CPU
		{C03D2EDB-7F53-4FFB-B0EB-29C81C6F8D89}.Release|Any CPU.ActiveCfg = Release|Any CPU
		{C03D2EDB-7F53-4FFB-B0EB-29C81C6F8D89}.Release|Any CPU.Build.0 = Release|Any CPU
		{C03D2EDB-7F53-4FFB-B0EB-29C81C6F8D89}.Release|x64.ActiveCfg = Release|Any CPU
		{C03D2EDB-7F53-4FFB-B0EB-29C81C6F8D89}.Release|x64.Build.0 = Release|Any CPU
		{C03D2EDB-7F53-4FFB-B0EB-29C81C6F8D89}.Release|x86.ActiveCfg = Release|Any CPU
		{C03D2EDB-7F53-4FFB-B0EB-29C81C6F8D89}.Release|x86.Build.0 = Release|Any CPU
		{2729F5AF-0EE1-45D5-9B2D-F8C2D03189A6}.Debug|Any CPU.ActiveCfg = Debug|Any CPU
		{2729F5AF-0EE1-45D5-9B2D-F8C2D03189A6}.Debug|Any CPU.Build.0 = Debug|Any CPU
		{2729F5AF-0EE1-45D5-9B2D-F8C2D03189A6}.Debug|x64.ActiveCfg = Debug|Any CPU
		{2729F5AF-0EE1-45D5-9B2D-F8C2D03189A6}.Debug|x64.Build.0 = Debug|Any CPU
		{2729F5AF-0EE1-45D5-9B2D-F8C2D03189A6}.Debug|x86.ActiveCfg = Debug|Any CPU
		{2729F5AF-0EE1-45D5-9B2D-F8C2D03189A6}.Debug|x86.Build.0 = Debug|Any CPU
		{2729F5AF-0EE1-45D5-9B2D-F8C2D03189A6}.Release|Any CPU.ActiveCfg = Release|Any CPU
		{2729F5AF-0EE1-45D5-9B2D-F8C2D03189A6}.Release|Any CPU.Build.0 = Release|Any CPU
		{2729F5AF-0EE1-45D5-9B2D-F8C2D03189A6}.Release|x64.ActiveCfg = Release|Any CPU
		{2729F5AF-0EE1-45D5-9B2D-F8C2D03189A6}.Release|x64.Build.0 = Release|Any CPU
		{2729F5AF-0EE1-45D5-9B2D-F8C2D03189A6}.Release|x86.ActiveCfg = Release|Any CPU
		{2729F5AF-0EE1-45D5-9B2D-F8C2D03189A6}.Release|x86.Build.0 = Release|Any CPU
		{51979B46-8C4B-4FEC-802F-168ACED3FB47}.Debug|Any CPU.ActiveCfg = Debug|Any CPU
		{51979B46-8C4B-4FEC-802F-168ACED3FB47}.Debug|Any CPU.Build.0 = Debug|Any CPU
		{51979B46-8C4B-4FEC-802F-168ACED3FB47}.Debug|x64.ActiveCfg = Debug|Any CPU
		{51979B46-8C4B-4FEC-802F-168ACED3FB47}.Debug|x64.Build.0 = Debug|Any CPU
		{51979B46-8C4B-4FEC-802F-168ACED3FB47}.Debug|x86.ActiveCfg = Debug|Any CPU
		{51979B46-8C4B-4FEC-802F-168ACED3FB47}.Debug|x86.Build.0 = Debug|Any CPU
		{51979B46-8C4B-4FEC-802F-168ACED3FB47}.Release|Any CPU.ActiveCfg = Release|Any CPU
		{51979B46-8C4B-4FEC-802F-168ACED3FB47}.Release|Any CPU.Build.0 = Release|Any CPU
		{51979B46-8C4B-4FEC-802F-168ACED3FB47}.Release|x64.ActiveCfg = Release|Any CPU
		{51979B46-8C4B-4FEC-802F-168ACED3FB47}.Release|x64.Build.0 = Release|Any CPU
		{51979B46-8C4B-4FEC-802F-168ACED3FB47}.Release|x86.ActiveCfg = Release|Any CPU
		{51979B46-8C4B-4FEC-802F-168ACED3FB47}.Release|x86.Build.0 = Release|Any CPU
		{75E4E2A3-B270-449B-BAC6-DC142E012919}.Debug|Any CPU.ActiveCfg = Debug|Any CPU
		{75E4E2A3-B270-449B-BAC6-DC142E012919}.Debug|Any CPU.Build.0 = Debug|Any CPU
		{75E4E2A3-B270-449B-BAC6-DC142E012919}.Debug|x64.ActiveCfg = Debug|Any CPU
		{75E4E2A3-B270-449B-BAC6-DC142E012919}.Debug|x64.Build.0 = Debug|Any CPU
		{75E4E2A3-B270-449B-BAC6-DC142E012919}.Debug|x86.ActiveCfg = Debug|Any CPU
		{75E4E2A3-B270-449B-BAC6-DC142E012919}.Debug|x86.Build.0 = Debug|Any CPU
		{75E4E2A3-B270-449B-BAC6-DC142E012919}.Release|Any CPU.ActiveCfg = Release|Any CPU
		{75E4E2A3-B270-449B-BAC6-DC142E012919}.Release|Any CPU.Build.0 = Release|Any CPU
		{75E4E2A3-B270-449B-BAC6-DC142E012919}.Release|x64.ActiveCfg = Release|Any CPU
		{75E4E2A3-B270-449B-BAC6-DC142E012919}.Release|x64.Build.0 = Release|Any CPU
		{75E4E2A3-B270-449B-BAC6-DC142E012919}.Release|x86.ActiveCfg = Release|Any CPU
		{75E4E2A3-B270-449B-BAC6-DC142E012919}.Release|x86.Build.0 = Release|Any CPU
		{3F922CAB-A296-4513-AEE4-6E64B5C9E6E2}.Debug|Any CPU.ActiveCfg = Debug|Any CPU
		{3F922CAB-A296-4513-AEE4-6E64B5C9E6E2}.Debug|Any CPU.Build.0 = Debug|Any CPU
		{3F922CAB-A296-4513-AEE4-6E64B5C9E6E2}.Debug|x64.ActiveCfg = Debug|Any CPU
		{3F922CAB-A296-4513-AEE4-6E64B5C9E6E2}.Debug|x64.Build.0 = Debug|Any CPU
		{3F922CAB-A296-4513-AEE4-6E64B5C9E6E2}.Debug|x86.ActiveCfg = Debug|Any CPU
		{3F922CAB-A296-4513-AEE4-6E64B5C9E6E2}.Debug|x86.Build.0 = Debug|Any CPU
		{3F922CAB-A296-4513-AEE4-6E64B5C9E6E2}.Release|Any CPU.ActiveCfg = Release|Any CPU
		{3F922CAB-A296-4513-AEE4-6E64B5C9E6E2}.Release|Any CPU.Build.0 = Release|Any CPU
		{3F922CAB-A296-4513-AEE4-6E64B5C9E6E2}.Release|x64.ActiveCfg = Release|Any CPU
		{3F922CAB-A296-4513-AEE4-6E64B5C9E6E2}.Release|x64.Build.0 = Release|Any CPU
		{3F922CAB-A296-4513-AEE4-6E64B5C9E6E2}.Release|x86.ActiveCfg = Release|Any CPU
		{3F922CAB-A296-4513-AEE4-6E64B5C9E6E2}.Release|x86.Build.0 = Release|Any CPU
	EndGlobalSection
	GlobalSection(NestedProjects) = preSolution
		{1D1A67C4-D250-4A25-8E6C-55E26A5116AC} = {DDB671F0-09DF-4972-9CC1-8D3994B5E1DF}
		{3E5DA4B8-CB8D-4134-9FDB-F8A39A2D6FC3} = {1D1A67C4-D250-4A25-8E6C-55E26A5116AC}
		{8518299F-0DEE-4AB0-910D-97BAE1B4F59B} = {DDB671F0-09DF-4972-9CC1-8D3994B5E1DF}
		{5B49648D-BE0D-4859-A712-95BBB30BC374} = {8518299F-0DEE-4AB0-910D-97BAE1B4F59B}
		{C03D2EDB-7F53-4FFB-B0EB-29C81C6F8D89} = {8518299F-0DEE-4AB0-910D-97BAE1B4F59B}
		{77117841-0E67-4C6A-8331-4C8BD1072597} = {DDB671F0-09DF-4972-9CC1-8D3994B5E1DF}
		{2729F5AF-0EE1-45D5-9B2D-F8C2D03189A6} = {77117841-0E67-4C6A-8331-4C8BD1072597}
		{51979B46-8C4B-4FEC-802F-168ACED3FB47} = {77117841-0E67-4C6A-8331-4C8BD1072597}
		{75E4E2A3-B270-449B-BAC6-DC142E012919} = {77117841-0E67-4C6A-8331-4C8BD1072597}
		{3F922CAB-A296-4513-AEE4-6E64B5C9E6E2} = {C6549EB1-D813-40B2-9CC7-3F691DD1B6DC}
	EndGlobalSection
EndGlobal
